
Microsoft Visual Studio Solution File, Format Version 12.00
# Visual Studio Version 16
VisualStudioVersion = 16.0.30011.22
MinimumVisualStudioVersion = 10.0.40219.1
Project("{FAE04EC0-301F-11D3-BF4B-00C04F79EFBC}") = "StartMeet.API", "StartMeet.API\StartMeet.API.csproj", "{D6105AD9-F41B-484E-8232-CE64DDB4E810}"
EndProject
Project("{FAE04EC0-301F-11D3-BF4B-00C04F79EFBC}") = "StartMeet.DAL", "StartMeet.DAL\StartMeet.DAL.csproj", "{5D2F41ED-CBB0-4370-A7A0-A18A71A6665F}"
EndProject
Project("{FAE04EC0-301F-11D3-BF4B-00C04F79EFBC}") = "StartMeet.BLL", "StartMeet.BLL\StartMeet.BLL.csproj", "{BBED9CC6-7829-4617-A95B-32D86FC2DED2}"
EndProject
Project("{FAE04EC0-301F-11D3-BF4B-00C04F79EFBC}") = "StartMeet.Model", "StartMeet.Model\StartMeet.Model.csproj", "{9C3AD30B-9EB0-43A7-94F7-4DE9298B492D}"
EndProject
Global
	GlobalSection(SolutionConfigurationPlatforms) = preSolution
		Debug|Any CPU = Debug|Any CPU
		Release|Any CPU = Release|Any CPU
	EndGlobalSection
	GlobalSection(ProjectConfigurationPlatforms) = postSolution
		{D6105AD9-F41B-484E-8232-CE64DDB4E810}.Debug|Any CPU.ActiveCfg = Debug|Any CPU
		{D6105AD9-F41B-484E-8232-CE64DDB4E810}.Debug|Any CPU.Build.0 = Debug|Any CPU
		{D6105AD9-F41B-484E-8232-CE64DDB4E810}.Release|Any CPU.ActiveCfg = Release|Any CPU
		{D6105AD9-F41B-484E-8232-CE64DDB4E810}.Release|Any CPU.Build.0 = Release|Any CPU
		{5D2F41ED-CBB0-4370-A7A0-A18A71A6665F}.Debug|Any CPU.ActiveCfg = Debug|Any CPU
		{5D2F41ED-CBB0-4370-A7A0-A18A71A6665F}.Debug|Any CPU.Build.0 = Debug|Any CPU
		{5D2F41ED-CBB0-4370-A7A0-A18A71A6665F}.Release|Any CPU.ActiveCfg = Release|Any CPU
		{5D2F41ED-CBB0-4370-A7A0-A18A71A6665F}.Release|Any CPU.Build.0 = Release|Any CPU
		{BBED9CC6-7829-4617-A95B-32D86FC2DED2}.Debug|Any CPU.ActiveCfg = Debug|Any CPU
		{BBED9CC6-7829-4617-A95B-32D86FC2DED2}.Debug|Any CPU.Build.0 = Debug|Any CPU
		{BBED9CC6-7829-4617-A95B-32D86FC2DED2}.Release|Any CPU.ActiveCfg = Release|Any CPU
		{BBED9CC6-7829-4617-A95B-32D86FC2DED2}.Release|Any CPU.Build.0 = Release|Any CPU
		{9C3AD30B-9EB0-43A7-94F7-4DE9298B492D}.Debug|Any CPU.ActiveCfg = Debug|Any CPU
		{9C3AD30B-9EB0-43A7-94F7-4DE9298B492D}.Debug|Any CPU.Build.0 = Debug|Any CPU
		{9C3AD30B-9EB0-43A7-94F7-4DE9298B492D}.Release|Any CPU.ActiveCfg = Release|Any CPU
		{9C3AD30B-9EB0-43A7-94F7-4DE9298B492D}.Release|Any CPU.Build.0 = Release|Any CPU
	EndGlobalSection
	GlobalSection(SolutionProperties) = preSolution
		HideSolutionNode = FALSE
	EndGlobalSection
	GlobalSection(ExtensibilityGlobals) = postSolution
		SolutionGuid = {87B7A9BC-130F-46C1-AD69-6C2D574E2FF4}
	EndGlobalSection
EndGlobal
